// !$*UTF8*$!
{
	archiveVersion = 1;
	classes = {
	};
	objectVersion = 77;
	objects = {

/* Begin PBXBuildFile section */
		AA2EE0C02D3785D600AA3739 /* MoodyApp Watch App.app in Embed Watch Content */ = {isa = PBXBuildFile; fileRef = AA2EE0BF2D3785D600AA3739 /* MoodyApp Watch App.app */; settings = {ATTRIBUTES = (RemoveHeadersOnCopy, ); }; };
/* End PBXBuildFile section */

/* Begin PBXContainerItemProxy section */
		AA2EE0C12D3785D600AA3739 /* PBXContainerItemProxy */ = {
			isa = PBXContainerItemProxy;
			containerPortal = AA2EE0B32D3785D600AA3739 /* Project object */;
			proxyType = 1;
			remoteGlobalIDString = AA2EE0BE2D3785D600AA3739;
			remoteInfo = "MoodyApp Watch App";
		};
		AA2EE0D22D3785D900AA3739 /* PBXContainerItemProxy */ = {
			isa = PBXContainerItemProxy;
			containerPortal = AA2EE0B32D3785D600AA3739 /* Project object */;
			proxyType = 1;
			remoteGlobalIDString = AA2EE0BE2D3785D600AA3739;
			remoteInfo = "MoodyApp Watch App";
		};
		AA2EE0DC2D3785D900AA3739 /* PBXContainerItemProxy */ = {
			isa = PBXContainerItemProxy;
			containerPortal = AA2EE0B32D3785D600AA3739 /* Project object */;
			proxyType = 1;
			remoteGlobalIDString = AA2EE0BE2D3785D600AA3739;
			remoteInfo = "MoodyApp Watch App";
		};
/* End PBXContainerItemProxy section */

/* Begin PBXCopyFilesBuildPhase section */
		AA2EE0E82D3785D900AA3739 /* Embed Watch Content */ = {
			isa = PBXCopyFilesBuildPhase;
			buildActionMask = 2147483647;
			dstPath = "$(CONTENTS_FOLDER_PATH)/Watch";
			dstSubfolderSpec = 16;
			files = (
				AA2EE0C02D3785D600AA3739 /* MoodyApp Watch App.app in Embed Watch Content */,
			);
			name = "Embed Watch Content";
			runOnlyForDeploymentPostprocessing = 0;
		};
/* End PBXCopyFilesBuildPhase section */

/* Begin PBXFileReference section */
		AA2EE0B92D3785D600AA3739 /* MoodyApp.app */ = {isa = PBXFileReference; explicitFileType = wrapper.application; includeInIndex = 0; path = MoodyApp.app; sourceTree = BUILT_PRODUCTS_DIR; };
		AA2EE0BF2D3785D600AA3739 /* MoodyApp Watch App.app */ = {isa = PBXFileReference; explicitFileType = wrapper.application; includeInIndex = 0; path = "MoodyApp Watch App.app"; sourceTree = BUILT_PRODUCTS_DIR; };
		AA2EE0D12D3785D900AA3739 /* MoodyApp Watch AppTests.xctest */ = {isa = PBXFileReference; explicitFileType = wrapper.cfbundle; includeInIndex = 0; path = "MoodyApp Watch AppTests.xctest"; sourceTree = BUILT_PRODUCTS_DIR; };
		AA2EE0DB2D3785D900AA3739 /* MoodyApp Watch AppUITests.xctest */ = {isa = PBXFileReference; explicitFileType = wrapper.cfbundle; includeInIndex = 0; path = "MoodyApp Watch AppUITests.xctest"; sourceTree = BUILT_PRODUCTS_DIR; };
/* End PBXFileReference section */

/* Begin PBXFileSystemSynchronizedBuildFileExceptionSet section */
		AA2EE1062D378A0400AA3739 /* Exceptions for "MoodyApp Watch App" folder in "MoodyApp Watch App" target */ = {
			isa = PBXFileSystemSynchronizedBuildFileExceptionSet;
			membershipExceptions = (
				"MoodyApp-Watch-App-Info.plist",
			);
			target = AA2EE0BE2D3785D600AA3739 /* MoodyApp Watch App */;
		};
/* End PBXFileSystemSynchronizedBuildFileExceptionSet section */

/* Begin PBXFileSystemSynchronizedRootGroup section */
		AA2EE0C32D3785D600AA3739 /* MoodyApp Watch App */ = {
			isa = PBXFileSystemSynchronizedRootGroup;
			exceptions = (
				AA2EE1062D378A0400AA3739 /* Exceptions for "MoodyApp Watch App" folder in "MoodyApp Watch App" target */,
			);
			path = "MoodyApp Watch App";
			sourceTree = "<group>";
		};
		AA2EE0D42D3785D900AA3739 /* MoodyApp Watch AppTests */ = {
			isa = PBXFileSystemSynchronizedRootGroup;
			path = "MoodyApp Watch AppTests";
			sourceTree = "<group>";
		};
		AA2EE0DE2D3785D900AA3739 /* MoodyApp Watch AppUITests */ = {
			isa = PBXFileSystemSynchronizedRootGroup;
			path = "MoodyApp Watch AppUITests";
			sourceTree = "<group>";
		};
/* End PBXFileSystemSynchronizedRootGroup section */

/* Begin PBXFrameworksBuildPhase section */
		AA2EE0BC2D3785D600AA3739 /* Frameworks */ = {
			isa = PBXFrameworksBuildPhase;
			buildActionMask = 2147483647;
			files = (
			);
			runOnlyForDeploymentPostprocessing = 0;
		};
		AA2EE0CE2D3785D900AA3739 /* Frameworks */ = {
			isa = PBXFrameworksBuildPhase;
			buildActionMask = 2147483647;
			files = (
			);
			runOnlyForDeploymentPostprocessing = 0;
		};
		AA2EE0D82D3785D900AA3739 /* Frameworks */ = {
			isa = PBXFrameworksBuildPhase;
			buildActionMask = 2147483647;
			files = (
			);
			runOnlyForDeploymentPostprocessing = 0;
		};
/* End PBXFrameworksBuildPhase section */

/* Begin PBXGroup section */
		AA2EE0B22D3785D600AA3739 = {
			isa = PBXGroup;
			children = (
				AA2EE0C32D3785D600AA3739 /* MoodyApp Watch App */,
				AA2EE0D42D3785D900AA3739 /* MoodyApp Watch AppTests */,
				AA2EE0DE2D3785D900AA3739 /* MoodyApp Watch AppUITests */,
				AA2EE0BA2D3785D600AA3739 /* Products */,
			);
			sourceTree = "<group>";
		};
		AA2EE0BA2D3785D600AA3739 /* Products */ = {
			isa = PBXGroup;
			children = (
				AA2EE0B92D3785D600AA3739 /* MoodyApp.app */,
				AA2EE0BF2D3785D600AA3739 /* MoodyApp Watch App.app */,
				AA2EE0D12D3785D900AA3739 /* MoodyApp Watch AppTests.xctest */,
				AA2EE0DB2D3785D900AA3739 /* MoodyApp Watch AppUITests.xctest */,
			);
			name = Products;
			sourceTree = "<group>";
		};
/* End PBXGroup section */

/* Begin PBXNativeTarget section */
		AA2EE0B82D3785D600AA3739 /* MoodyApp */ = {
			isa = PBXNativeTarget;
			buildConfigurationList = AA2EE0E92D3785D900AA3739 /* Build configuration list for PBXNativeTarget "MoodyApp" */;
			buildPhases = (
				AA2EE0B72D3785D600AA3739 /* Resources */,
				AA2EE0E82D3785D900AA3739 /* Embed Watch Content */,
			);
			buildRules = (
			);
			dependencies = (
				AA2EE0C22D3785D600AA3739 /* PBXTargetDependency */,
			);
			name = MoodyApp;
			packageProductDependencies = (
			);
			productName = MoodyApp;
			productReference = AA2EE0B92D3785D600AA3739 /* MoodyApp.app */;
			productType = "com.apple.product-type.application.watchapp2-container";
		};
		AA2EE0BE2D3785D600AA3739 /* MoodyApp Watch App */ = {
			isa = PBXNativeTarget;
			buildConfigurationList = AA2EE0E52D3785D900AA3739 /* Build configuration list for PBXNativeTarget "MoodyApp Watch App" */;
			buildPhases = (
				AA2EE0BB2D3785D600AA3739 /* Sources */,
				AA2EE0BC2D3785D600AA3739 /* Frameworks */,
				AA2EE0BD2D3785D600AA3739 /* Resources */,
			);
			buildRules = (
			);
			dependencies = (
			);
			fileSystemSynchronizedGroups = (
				AA2EE0C32D3785D600AA3739 /* MoodyApp Watch App */,
			);
			name = "MoodyApp Watch App";
			packageProductDependencies = (
			);
			productName = "MoodyApp Watch App";
			productReference = AA2EE0BF2D3785D600AA3739 /* MoodyApp Watch App.app */;
			productType = "com.apple.product-type.application";
		};
		AA2EE0D02D3785D900AA3739 /* MoodyApp Watch AppTests */ = {
			isa = PBXNativeTarget;
			buildConfigurationList = AA2EE0EC2D3785D900AA3739 /* Build configuration list for PBXNativeTarget "MoodyApp Watch AppTests" */;
			buildPhases = (
				AA2EE0CD2D3785D900AA3739 /* Sources */,
				AA2EE0CE2D3785D900AA3739 /* Frameworks */,
				AA2EE0CF2D3785D900AA3739 /* Resources */,
			);
			buildRules = (
			);
			dependencies = (
				AA2EE0D32D3785D900AA3739 /* PBXTargetDependency */,
			);
			fileSystemSynchronizedGroups = (
				AA2EE0D42D3785D900AA3739 /* MoodyApp Watch AppTests */,
			);
			name = "MoodyApp Watch AppTests";
			packageProductDependencies = (
			);
			productName = "MoodyApp Watch AppTests";
			productReference = AA2EE0D12D3785D900AA3739 /* MoodyApp Watch AppTests.xctest */;
			productType = "com.apple.product-type.bundle.unit-test";
		};
		AA2EE0DA2D3785D900AA3739 /* MoodyApp Watch AppUITests */ = {
			isa = PBXNativeTarget;
			buildConfigurationList = AA2EE0EF2D3785D900AA3739 /* Build configuration list for PBXNativeTarget "MoodyApp Watch AppUITests" */;
			buildPhases = (
				AA2EE0D72D3785D900AA3739 /* Sources */,
				AA2EE0D82D3785D900AA3739 /* Frameworks */,
				AA2EE0D92D3785D900AA3739 /* Resources */,
			);
			buildRules = (
			);
			dependencies = (
				AA2EE0DD2D3785D900AA3739 /* PBXTargetDependency */,
			);
			fileSystemSynchronizedGroups = (
				AA2EE0DE2D3785D900AA3739 /* MoodyApp Watch AppUITests */,
			);
			name = "MoodyApp Watch AppUITests";
			packageProductDependencies = (
			);
			productName = "MoodyApp Watch AppUITests";
			productReference = AA2EE0DB2D3785D900AA3739 /* MoodyApp Watch AppUITests.xctest */;
			productType = "com.apple.product-type.bundle.ui-testing";
		};
/* End PBXNativeTarget section */

/* Begin PBXProject section */
		AA2EE0B32D3785D600AA3739 /* Project object */ = {
			isa = PBXProject;
			attributes = {
				BuildIndependentTargetsInParallel = 1;
				LastSwiftUpdateCheck = 1620;
				LastUpgradeCheck = 1620;
				TargetAttributes = {
					AA2EE0B82D3785D600AA3739 = {
						CreatedOnToolsVersion = 16.2;
					};
					AA2EE0BE2D3785D600AA3739 = {
						CreatedOnToolsVersion = 16.2;
					};
					AA2EE0D02D3785D900AA3739 = {
						CreatedOnToolsVersion = 16.2;
						TestTargetID = AA2EE0BE2D3785D600AA3739;
					};
					AA2EE0DA2D3785D900AA3739 = {
						CreatedOnToolsVersion = 16.2;
						TestTargetID = AA2EE0BE2D3785D600AA3739;
					};
				};
			};
			buildConfigurationList = AA2EE0B62D3785D600AA3739 /* Build configuration list for PBXProject "MoodyApp" */;
			developmentRegion = en;
			hasScannedForEncodings = 0;
			knownRegions = (
				en,
				Base,
			);
			mainGroup = AA2EE0B22D3785D600AA3739;
			minimizedProjectReferenceProxies = 1;
			preferredProjectObjectVersion = 77;
			productRefGroup = AA2EE0BA2D3785D600AA3739 /* Products */;
			projectDirPath = "";
			projectRoot = "";
			targets = (
				AA2EE0B82D3785D600AA3739 /* MoodyApp */,
				AA2EE0BE2D3785D600AA3739 /* MoodyApp Watch App */,
				AA2EE0D02D3785D900AA3739 /* MoodyApp Watch AppTests */,
				AA2EE0DA2D3785D900AA3739 /* MoodyApp Watch AppUITests */,
			);
		};
/* End PBXProject section */

/* Begin PBXResourcesBuildPhase section */
		AA2EE0B72D3785D600AA3739 /* Resources */ = {
			isa = PBXResourcesBuildPhase;
			buildActionMask = 2147483647;
			files = (
			);
			runOnlyForDeploymentPostprocessing = 0;
		};
		AA2EE0BD2D3785D600AA3739 /* Resources */ = {
			isa = PBXResourcesBuildPhase;
			buildActionMask = 2147483647;
			files = (
			);
			runOnlyForDeploymentPostprocessing = 0;
		};
		AA2EE0CF2D3785D900AA3739 /* Resources */ = {
			isa = PBXResourcesBuildPhase;
			buildActionMask = 2147483647;
			files = (
			);
			runOnlyForDeploymentPostprocessing = 0;
		};
		AA2EE0D92D3785D900AA3739 /* Resources */ = {
			isa = PBXResourcesBuildPhase;
			buildActionMask = 2147483647;
			files = (
			);
			runOnlyForDeploymentPostprocessing = 0;
		};
/* End PBXResourcesBuildPhase section */

/* Begin PBXSourcesBuildPhase section */
		AA2EE0BB2D3785D600AA3739 /* Sources */ = {
			isa = PBXSourcesBuildPhase;
			buildActionMask = 2147483647;
			files = (
			);
			runOnlyForDeploymentPostprocessing = 0;
		};
		AA2EE0CD2D3785D900AA3739 /* Sources */ = {
			isa = PBXSourcesBuildPhase;
			buildActionMask = 2147483647;
			files = (
			);
			runOnlyForDeploymentPostprocessing = 0;
		};
		AA2EE0D72D3785D900AA3739 /* Sources */ = {
			isa = PBXSourcesBuildPhase;
			buildActionMask = 2147483647;
			files = (
			);
			runOnlyForDeploymentPostprocessing = 0;
		};
/* End PBXSourcesBuildPhase section */

/* Begin PBXTargetDependency section */
		AA2EE0C22D3785D600AA3739 /* PBXTargetDependency */ = {
			isa = PBXTargetDependency;
			target = AA2EE0BE2D3785D600AA3739 /* MoodyApp Watch App */;
			targetProxy = AA2EE0C12D3785D600AA3739 /* PBXContainerItemProxy */;
		};
		AA2EE0D32D3785D900AA3739 /* PBXTargetDependency */ = {
			isa = PBXTargetDependency;
			target = AA2EE0BE2D3785D600AA3739 /* MoodyApp Watch App */;
			targetProxy = AA2EE0D22D3785D900AA3739 /* PBXContainerItemProxy */;
		};
		AA2EE0DD2D3785D900AA3739 /* PBXTargetDependency */ = {
			isa = PBXTargetDependency;
			target = AA2EE0BE2D3785D600AA3739 /* MoodyApp Watch App */;
			targetProxy = AA2EE0DC2D3785D900AA3739 /* PBXContainerItemProxy */;
		};
/* End PBXTargetDependency section */

/* Begin XCBuildConfiguration section */
		AA2EE0E32D3785D900AA3739 /* Debug */ = {
			isa = XCBuildConfiguration;
			buildSettings = {
				ALWAYS_SEARCH_USER_PATHS = NO;
				ASSETCATALOG_COMPILER_GENERATE_SWIFT_ASSET_SYMBOL_EXTENSIONS = YES;
				CLANG_ANALYZER_NONNULL = YES;
				CLANG_ANALYZER_NUMBER_OBJECT_CONVERSION = YES_AGGRESSIVE;
				CLANG_CXX_LANGUAGE_STANDARD = "gnu++20";
				CLANG_ENABLE_MODULES = YES;
				CLANG_ENABLE_OBJC_ARC = YES;
				CLANG_ENABLE_OBJC_WEAK = YES;
				CLANG_WARN_BLOCK_CAPTURE_AUTORELEASING = YES;
				CLANG_WARN_BOOL_CONVERSION = YES;
				CLANG_WARN_COMMA = YES;
				CLANG_WARN_CONSTANT_CONVERSION = YES;
				CLANG_WARN_DEPRECATED_OBJC_IMPLEMENTATIONS = YES;
				CLANG_WARN_DIRECT_OBJC_ISA_USAGE = YES_ERROR;
				CLANG_WARN_DOCUMENTATION_COMMENTS = YES;
				CLANG_WARN_EMPTY_BODY = YES;
				CLANG_WARN_ENUM_CONVERSION = YES;
				CLANG_WARN_INFINITE_RECURSION = YES;
				CLANG_WARN_INT_CONVERSION = YES;
				CLANG_WARN_NON_LITERAL_NULL_CONVERSION = YES;
				CLANG_WARN_OBJC_IMPLICIT_RETAIN_SELF = YES;
				CLANG_WARN_OBJC_LITERAL_CONVERSION = YES;
				CLANG_WARN_OBJC_ROOT_CLASS = YES_ERROR;
				CLANG_WARN_QUOTED_INCLUDE_IN_FRAMEWORK_HEADER = YES;
				CLANG_WARN_RANGE_LOOP_ANALYSIS = YES;
				CLANG_WARN_STRICT_PROTOTYPES = YES;
				CLANG_WARN_SUSPICIOUS_MOVE = YES;
				CLANG_WARN_UNGUARDED_AVAILABILITY = YES_AGGRESSIVE;
				CLANG_WARN_UNREACHABLE_CODE = YES;
				CLANG_WARN__DUPLICATE_METHOD_MATCH = YES;
				COPY_PHASE_STRIP = NO;
				DEBUG_INFORMATION_FORMAT = dwarf;
				ENABLE_STRICT_OBJC_MSGSEND = YES;
				ENABLE_TESTABILITY = YES;
				ENABLE_USER_SCRIPT_SANDBOXING = YES;
				GCC_C_LANGUAGE_STANDARD = gnu17;
				GCC_DYNAMIC_NO_PIC = NO;
				GCC_NO_COMMON_BLOCKS = YES;
				GCC_OPTIMIZATION_LEVEL = 0;
				GCC_PREPROCESSOR_DEFINITIONS = (
					"DEBUG=1",
					"$(inherited)",
				);
				GCC_WARN_64_TO_32_BIT_CONVERSION = YES;
				GCC_WARN_ABOUT_RETURN_TYPE = YES_ERROR;
				GCC_WARN_UNDECLARED_SELECTOR = YES;
				GCC_WARN_UNINITIALIZED_AUTOS = YES_AGGRESSIVE;
				GCC_WARN_UNUSED_FUNCTION = YES;
				GCC_WARN_UNUSED_VARIABLE = YES;
				LOCALIZATION_PREFERS_STRING_CATALOGS = YES;
				MTL_ENABLE_DEBUG_INFO = INCLUDE_SOURCE;
				MTL_FAST_MATH = YES;
				ONLY_ACTIVE_ARCH = YES;
				SWIFT_ACTIVE_COMPILATION_CONDITIONS = "DEBUG $(inherited)";
				SWIFT_OPTIMIZATION_LEVEL = "-Onone";
			};
			name = Debug;
		};
		AA2EE0E42D3785D900AA3739 /* Release */ = {
			isa = XCBuildConfiguration;
			buildSettings = {
				ALWAYS_SEARCH_USER_PATHS = NO;
				ASSETCATALOG_COMPILER_GENERATE_SWIFT_ASSET_SYMBOL_EXTENSIONS = YES;
				CLANG_ANALYZER_NONNULL = YES;
				CLANG_ANALYZER_NUMBER_OBJECT_CONVERSION = YES_AGGRESSIVE;
				CLANG_CXX_LANGUAGE_STANDARD = "gnu++20";
				CLANG_ENABLE_MODULES = YES;
				CLANG_ENABLE_OBJC_ARC = YES;
				CLANG_ENABLE_OBJC_WEAK = YES;
				CLANG_WARN_BLOCK_CAPTURE_AUTORELEASING = YES;
				CLANG_WARN_BOOL_CONVERSION = YES;
				CLANG_WARN_COMMA = YES;
				CLANG_WARN_CONSTANT_CONVERSION = YES;
				CLANG_WARN_DEPRECATED_OBJC_IMPLEMENTATIONS = YES;
				CLANG_WARN_DIRECT_OBJC_ISA_USAGE = YES_ERROR;
				CLANG_WARN_DOCUMENTATION_COMMENTS = YES;
				CLANG_WARN_EMPTY_BODY = YES;
				CLANG_WARN_ENUM_CONVERSION = YES;
				CLANG_WARN_INFINITE_RECURSION = YES;
				CLANG_WARN_INT_CONVERSION = YES;
				CLANG_WARN_NON_LITERAL_NULL_CONVERSION = YES;
				CLANG_WARN_OBJC_IMPLICIT_RETAIN_SELF = YES;
				CLANG_WARN_OBJC_LITERAL_CONVERSION = YES;
				CLANG_WARN_OBJC_ROOT_CLASS = YES_ERROR;
				CLANG_WARN_QUOTED_INCLUDE_IN_FRAMEWORK_HEADER = YES;
				CLANG_WARN_RANGE_LOOP_ANALYSIS = YES;
				CLANG_WARN_STRICT_PROTOTYPES = YES;
				CLANG_WARN_SUSPICIOUS_MOVE = YES;
				CLANG_WARN_UNGUARDED_AVAILABILITY = YES_AGGRESSIVE;
				CLANG_WARN_UNREACHABLE_CODE = YES;
				CLANG_WARN__DUPLICATE_METHOD_MATCH = YES;
				COPY_PHASE_STRIP = NO;
				DEBUG_INFORMATION_FORMAT = "dwarf-with-dsym";
				ENABLE_NS_ASSERTIONS = NO;
				ENABLE_STRICT_OBJC_MSGSEND = YES;
				ENABLE_USER_SCRIPT_SANDBOXING = YES;
				GCC_C_LANGUAGE_STANDARD = gnu17;
				GCC_NO_COMMON_BLOCKS = YES;
				GCC_WARN_64_TO_32_BIT_CONVERSION = YES;
				GCC_WARN_ABOUT_RETURN_TYPE = YES_ERROR;
				GCC_WARN_UNDECLARED_SELECTOR = YES;
				GCC_WARN_UNINITIALIZED_AUTOS = YES_AGGRESSIVE;
				GCC_WARN_UNUSED_FUNCTION = YES;
				GCC_WARN_UNUSED_VARIABLE = YES;
				LOCALIZATION_PREFERS_STRING_CATALOGS = YES;
				MTL_ENABLE_DEBUG_INFO = NO;
				MTL_FAST_MATH = YES;
				SWIFT_COMPILATION_MODE = wholemodule;
			};
			name = Release;
		};
		AA2EE0E62D3785D900AA3739 /* Debug */ = {
			isa = XCBuildConfiguration;
			buildSettings = {
				ASSETCATALOG_COMPILER_APPICON_NAME = AppIcon;
				ASSETCATALOG_COMPILER_GLOBAL_ACCENT_COLOR_NAME = AccentColor;
				CODE_SIGN_ENTITLEMENTS = "MoodyApp Watch App/MoodyApp Watch App.entitlements";
				CODE_SIGN_STYLE = Automatic;
				CURRENT_PROJECT_VERSION = 1;
				DEVELOPMENT_ASSET_PATHS = "\"MoodyApp Watch App/Preview Content\"";
				DEVELOPMENT_TEAM = TUM2AVRA9B;
				ENABLE_PREVIEWS = YES;
				GENERATE_INFOPLIST_FILE = YES;
				INFOPLIST_FILE = "MoodyApp-Watch-App-Info.plist";
				INFOPLIST_KEY_CFBundleDisplayName = MoodyApp;
				INFOPLIST_KEY_NSHealthShareUsageDescription = "We need access to your heart rate data to analyze your mood and provide personalized recommendations";
				INFOPLIST_KEY_NSHealthUpdateUsageDescription = "We need access to update health data to track your mood changes over time";
				INFOPLIST_KEY_UISupportedInterfaceOrientations = "UIInterfaceOrientationPortrait UIInterfaceOrientationPortraitUpsideDown";
				INFOPLIST_KEY_WKWatchOnly = YES;
				LD_RUNPATH_SEARCH_PATHS = (
					"$(inherited)",
					"@executable_path/Frameworks",
				);
				MARKETING_VERSION = 1.0;
				PRODUCT_BUNDLE_IDENTIFIER = studioMalva.MoodyApp.watchkitapp;
				PRODUCT_NAME = "$(TARGET_NAME)";
				SDKROOT = watchos;
				SKIP_INSTALL = YES;
				SWIFT_EMIT_LOC_STRINGS = YES;
				SWIFT_VERSION = 5.0;
				TARGETED_DEVICE_FAMILY = 4;
				WATCHOS_DEPLOYMENT_TARGET = 11.2;
			};
			name = Debug;
		};
		AA2EE0E72D3785D900AA3739 /* Release */ = {
			isa = XCBuildConfiguration;
			buildSettings = {
				ASSETCATALOG_COMPILER_APPICON_NAME = AppIcon;
				ASSETCATALOG_COMPILER_GLOBAL_ACCENT_COLOR_NAME = AccentColor;
				CODE_SIGN_ENTITLEMENTS = "MoodyApp Watch App/MoodyApp Watch App.entitlements";
				CODE_SIGN_STYLE = Automatic;
				CURRENT_PROJECT_VERSION = 1;
				DEVELOPMENT_ASSET_PATHS = "\"MoodyApp Watch App/Preview Content\"";
				DEVELOPMENT_TEAM = TUM2AVRA9B;
				ENABLE_PREVIEWS = YES;
				GENERATE_INFOPLIST_FILE = YES;
				INFOPLIST_FILE = "MoodyApp-Watch-App-Info.plist";
				INFOPLIST_KEY_CFBundleDisplayName = MoodyApp;
				INFOPLIST_KEY_NSHealthShareUsageDescription = "We need access to your heart rate data to analyze your mood and provide personalized recommendations";
				INFOPLIST_KEY_NSHealthUpdateUsageDescription = "We need access to update health data to track your mood changes over time";
				INFOPLIST_KEY_UISupportedInterfaceOrientations = "UIInterfaceOrientationPortrait UIInterfaceOrientationPortraitUpsideDown";
				INFOPLIST_KEY_WKWatchOnly = YES;
				LD_RUNPATH_SEARCH_PATHS = (
					"$(inherited)",
					"@executable_path/Frameworks",
				);
				MARKETING_VERSION = 1.0;
				PRODUCT_BUNDLE_IDENTIFIER = studioMalva.MoodyApp.watchkitapp;
				PRODUCT_NAME = "$(TARGET_NAME)";
				SDKROOT = watchos;
				SKIP_INSTALL = YES;
				SWIFT_EMIT_LOC_STRINGS = YES;
				SWIFT_VERSION = 5.0;
				TARGETED_DEVICE_FAMILY = 4;
				VALIDATE_PRODUCT = YES;
				WATCHOS_DEPLOYMENT_TARGET = 11.2;
			};
			name = Release;
		};
		AA2EE0EA2D3785D900AA3739 /* Debug */ = {
			isa = XCBuildConfiguration;
			buildSettings = {
				CODE_SIGN_STYLE = Automatic;
				CURRENT_PROJECT_VERSION = 1;
				DEVELOPMENT_TEAM = TUM2AVRA9B;
				INFOPLIST_KEY_CFBundleDisplayName = MoodyApp;
				MARKETING_VERSION = 1.0;
				PRODUCT_BUNDLE_IDENTIFIER = studioMalva.MoodyApp;
				PRODUCT_NAME = "$(TARGET_NAME)";
				SDKROOT = iphoneos;
				SWIFT_VERSION = 5.0;
			};
			name = Debug;
		};
		AA2EE0EB2D3785D900AA3739 /* Release */ = {
			isa = XCBuildConfiguration;
			buildSettings = {
				CODE_SIGN_STYLE = Automatic;
				CURRENT_PROJECT_VERSION = 1;
				DEVELOPMENT_TEAM = TUM2AVRA9B;
				INFOPLIST_KEY_CFBundleDisplayName = MoodyApp;
				MARKETING_VERSION = 1.0;
				PRODUCT_BUNDLE_IDENTIFIER = studioMalva.MoodyApp;
				PRODUCT_NAME = "$(TARGET_NAME)";
				SDKROOT = iphoneos;
				SWIFT_VERSION = 5.0;
				VALIDATE_PRODUCT = YES;
			};
			name = Release;
		};
		AA2EE0ED2D3785D900AA3739 /* Debug */ = {
			isa = XCBuildConfiguration;
			buildSettings = {
				BUNDLE_LOADER = "$(TEST_HOST)";
				CODE_SIGN_STYLE = Automatic;
				CURRENT_PROJECT_VERSION = 1;
				DEVELOPMENT_TEAM = TUM2AVRA9B;
				GENERATE_INFOPLIST_FILE = YES;
				MARKETING_VERSION = 1.0;
				PRODUCT_BUNDLE_IDENTIFIER = "studioMalva.MoodyApp-Watch-AppTests";
				PRODUCT_NAME = "$(TARGET_NAME)";
				SDKROOT = watchos;
				SWIFT_EMIT_LOC_STRINGS = NO;
				SWIFT_VERSION = 5.0;
				TARGETED_DEVICE_FAMILY = 4;
				TEST_HOST = "$(BUILT_PRODUCTS_DIR)/MoodyApp Watch App.app/$(BUNDLE_EXECUTABLE_FOLDER_PATH)/MoodyApp Watch App";
				WATCHOS_DEPLOYMENT_TARGET = 11.2;
			};
			name = Debug;
		};
		AA2EE0EE2D3785D900AA3739 /* Release */ = {
			isa = XCBuildConfiguration;
			buildSettings = {
				BUNDLE_LOADER = "$(TEST_HOST)";
				CODE_SIGN_STYLE = Automatic;
				CURRENT_PROJECT_VERSION = 1;
				DEVELOPMENT_TEAM = TUM2AVRA9B;
				GENERATE_INFOPLIST_FILE = YES;
				MARKETING_VERSION = 1.0;
				PRODUCT_BUNDLE_IDENTIFIER = "studioMalva.MoodyApp-Watch-AppTests";
				PRODUCT_NAME = "$(TARGET_NAME)";
				SDKROOT = watchos;
				SWIFT_EMIT_LOC_STRINGS = NO;
				SWIFT_VERSION = 5.0;
				TARGETED_DEVICE_FAMILY = 4;
				TEST_HOST = "$(BUILT_PRODUCTS_DIR)/MoodyApp Watch App.app/$(BUNDLE_EXECUTABLE_FOLDER_PATH)/MoodyApp Watch App";
				VALIDATE_PRODUCT = YES;
				WATCHOS_DEPLOYMENT_TARGET = 11.2;
			};
			name = Release;
		};
		AA2EE0F02D3785D900AA3739 /* Debug */ = {
			isa = XCBuildConfiguration;
			buildSettings = {
				CODE_SIGN_STYLE = Automatic;
				CURRENT_PROJECT_VERSION = 1;
				DEVELOPMENT_TEAM = TUM2AVRA9B;
				GENERATE_INFOPLIST_FILE = YES;
				MARKETING_VERSION = 1.0;
				PRODUCT_BUNDLE_IDENTIFIER = "studioMalva.MoodyApp-Watch-AppUITests";
				PRODUCT_NAME = "$(TARGET_NAME)";
				SDKROOT = watchos;
				SWIFT_EMIT_LOC_STRINGS = NO;
				SWIFT_VERSION = 5.0;
				TARGETED_DEVICE_FAMILY = 4;
				TEST_TARGET_NAME = "MoodyApp Watch App";
				WATCHOS_DEPLOYMENT_TARGET = 11.2;
			};
			name = Debug;
		};
		AA2EE0F12D3785D900AA3739 /* Release */ = {
			isa = XCBuildConfiguration;
			buildSettings = {
				CODE_SIGN_STYLE = Automatic;
				CURRENT_PROJECT_VERSION = 1;
				DEVELOPMENT_TEAM = TUM2AVRA9B;
				GENERATE_INFOPLIST_FILE = YES;
				MARKETING_VERSION = 1.0;
				PRODUCT_BUNDLE_IDENTIFIER = "studioMalva.MoodyApp-Watch-AppUITests";
				PRODUCT_NAME = "$(TARGET_NAME)";
				SDKROOT = watchos;
				SWIFT_EMIT_LOC_STRINGS = NO;
				SWIFT_VERSION = 5.0;
				TARGETED_DEVICE_FAMILY = 4;
				TEST_TARGET_NAME = "MoodyApp Watch App";
				VALIDATE_PRODUCT = YES;
				WATCHOS_DEPLOYMENT_TARGET = 11.2;
			};
			name = Release;
		};
/* End XCBuildConfiguration section */

/* Begin XCConfigurationList section */
		AA2EE0B62D3785D600AA3739 /* Build configuration list for PBXProject "MoodyApp" */ = {
			isa = XCConfigurationList;
			buildConfigurations = (
				AA2EE0E32D3785D900AA3739 /* Debug */,
				AA2EE0E42D3785D900AA3739 /* Release */,
			);
			defaultConfigurationIsVisible = 0;
			defaultConfigurationName = Release;
		};
		AA2EE0E52D3785D900AA3739 /* Build configuration list for PBXNativeTarget "MoodyApp Watch App" */ = {
			isa = XCConfigurationList;
			buildConfigurations = (
				AA2EE0E62D3785D900AA3739 /* Debug */,
				AA2EE0E72D3785D900AA3739 /* Release */,
			);
			defaultConfigurationIsVisible = 0;
			defaultConfigurationName = Release;
		};
		AA2EE0E92D3785D900AA3739 /* Build configuration list for PBXNativeTarget "MoodyApp" */ = {
			isa = XCConfigurationList;
			buildConfigurations = (
				AA2EE0EA2D3785D900AA3739 /* Debug */,
				AA2EE0EB2D3785D900AA3739 /* Release */,
			);
			defaultConfigurationIsVisible = 0;
			defaultConfigurationName = Release;
		};
		AA2EE0EC2D3785D900AA3739 /* Build configuration list for PBXNativeTarget "MoodyApp Watch AppTests" */ = {
			isa = XCConfigurationList;
			buildConfigurations = (
				AA2EE0ED2D3785D900AA3739 /* Debug */,
				AA2EE0EE2D3785D900AA3739 /* Release */,
			);
			defaultConfigurationIsVisible = 0;
			defaultConfigurationName = Release;
		};
		AA2EE0EF2D3785D900AA3739 /* Build configuration list for PBXNativeTarget "MoodyApp Watch AppUITests" */ = {
			isa = XCConfigurationList;
			buildConfigurations = (
				AA2EE0F02D3785D900AA3739 /* Debug */,
				AA2EE0F12D3785D900AA3739 /* Release */,
			);
			defaultConfigurationIsVisible = 0;
			defaultConfigurationName = Release;
		};
/* End XCConfigurationList section */
	};
	rootObject = AA2EE0B32D3785D600AA3739 /* Project object */;
}
